
Microsoft Visual Studio Solution File, Format Version 12.00
# Visual Studio Version 17
VisualStudioVersion = 17.7.34221.43
MinimumVisualStudioVersion = 10.0.40219.1
Project("{9A19103F-16F7-4668-BE54-9A1E7A4F7556}") = "Domain", "Domain\Domain.csproj", "{99D3B664-4724-4EB3-8F57-7BCA39CAC638}"
EndProject
Project("{9A19103F-16F7-4668-BE54-9A1E7A4F7556}") = "Service", "Service\Service.csproj", "{5F7B61C2-D156-404B-B4AC-94E12CEAEEB5}"
EndProject
Project("{9A19103F-16F7-4668-BE54-9A1E7A4F7556}") = "Functions", "Functions\Functions.csproj", "{2AAB764A-6035-4534-A12D-C2F9CCD76323}"
EndProject
Project("{2150E333-8FDC-42A3-9474-1A3956D46DE8}") = "Solution Items", "Solution Items", "{35AD5CAC-5D21-44EF-B4D4-C8F89B4D9FCA}"
	ProjectSection(SolutionItems) = preProject
		deploy.ps1 = deploy.ps1
		template.bicep = template.bicep
	EndProjectSection
EndProject
Global
	GlobalSection(SolutionConfigurationPlatforms) = preSolution
		Debug|Any CPU = Debug|Any CPU
		Release|Any CPU = Release|Any CPU
	EndGlobalSection
	GlobalSection(ProjectConfigurationPlatforms) = postSolution
		{99D3B664-4724-4EB3-8F57-7BCA39CAC638}.Debug|Any CPU.ActiveCfg = Debug|Any CPU
		{99D3B664-4724-4EB3-8F57-7BCA39CAC638}.Debug|Any CPU.Build.0 = Debug|Any CPU
		{99D3B664-4724-4EB3-8F57-7BCA39CAC638}.Release|Any CPU.ActiveCfg = Release|Any CPU
		{99D3B664-4724-4EB3-8F57-7BCA39CAC638}.Release|Any CPU.Build.0 = Release|Any CPU
		{5F7B61C2-D156-404B-B4AC-94E12CEAEEB5}.Debug|Any CPU.ActiveCfg = Debug|Any CPU
		{5F7B61C2-D156-404B-B4AC-94E12CEAEEB5}.Debug|Any CPU.Build.0 = Debug|Any CPU
		{5F7B61C2-D156-404B-B4AC-94E12CEAEEB5}.Release|Any CPU.ActiveCfg = Release|Any CPU
		{5F7B61C2-D156-404B-B4AC-94E12CEAEEB5}.Release|Any CPU.Build.0 = Release|Any CPU
		{2AAB764A-6035-4534-A12D-C2F9CCD76323}.Debug|Any CPU.ActiveCfg = Debug|Any CPU
		{2AAB764A-6035-4534-A12D-C2F9CCD76323}.Debug|Any CPU.Build.0 = Debug|Any CPU
		{2AAB764A-6035-4534-A12D-C2F9CCD76323}.Release|Any CPU.ActiveCfg = Release|Any CPU
		{2AAB764A-6035-4534-A12D-C2F9CCD76323}.Release|Any CPU.Build.0 = Release|Any CPU
	EndGlobalSection
	GlobalSection(SolutionProperties) = preSolution
		HideSolutionNode = FALSE
	EndGlobalSection
	GlobalSection(ExtensibilityGlobals) = postSolution
		SolutionGuid = {1B306D42-B163-42C3-B9BF-5D3455F63753}
	EndGlobalSection
EndGlobal
